
Microsoft Visual Studio Solution File, Format Version 12.00
# Visual Studio Version 16
VisualStudioVersion = 16.0.30907.101
MinimumVisualStudioVersion = 10.0.40219.1
Project("{FAE04EC0-301F-11D3-BF4B-00C04F79EFBC}") = "Basic C-Sharp fundamentals Exercise", "Basic C-Sharp fundamentals Exercise\Basic C-Sharp fundamentals Exercise.csproj", "{B840FD89-58CD-4427-BB91-18A2BBEDB76B}"
EndProject
Global
	GlobalSection(SolutionConfigurationPlatforms) = preSolution
		Debug|Any CPU = Debug|Any CPU
		Release|Any CPU = Release|Any CPU
	EndGlobalSection
	GlobalSection(ProjectConfigurationPlatforms) = postSolution
		{B840FD89-58CD-4427-BB91-18A2BBEDB76B}.Debug|Any CPU.ActiveCfg = Debug|Any CPU
		{B840FD89-58CD-4427-BB91-18A2BBEDB76B}.Debug|Any CPU.Build.0 = Debug|Any CPU
		{B840FD89-58CD-4427-BB91-18A2BBEDB76B}.Release|Any CPU.ActiveCfg = Release|Any CPU
		{B840FD89-58CD-4427-BB91-18A2BBEDB76B}.Release|Any CPU.Build.0 = Release|Any CPU
	EndGlobalSection
	GlobalSection(SolutionProperties) = preSolution
		HideSolutionNode = FALSE
	EndGlobalSection
	GlobalSection(ExtensibilityGlobals) = postSolution
		SolutionGuid = {956F270D-694E-4B9F-9AFF-8121B878B4D0}
	EndGlobalSection
EndGlobal
